
Microsoft Visual Studio Solution File, Format Version 12.00
# Visual Studio Version 17
VisualStudioVersion = 17.14.35906.104 d17.14
MinimumVisualStudioVersion = 10.0.40219.1
Project("{FAE04EC0-301F-11D3-BF4B-00C04F79EFBC}") = "sleepy-client-windows", "sleepy-client-windows.csproj", "{795AFD35-9F51-450B-89C3-ADCF0135423C}"
EndProject
Global
	GlobalSection(SolutionConfigurationPlatforms) = preSolution
		Debug|Any CPU = Debug|Any CPU
		Release|Any CPU = Release|Any CPU
	EndGlobalSection
	GlobalSection(ProjectConfigurationPlatforms) = postSolution
		{795AFD35-9F51-450B-89C3-ADCF0135423C}.Debug|Any CPU.ActiveCfg = Debug|Any CPU
		{795AFD35-9F51-450B-89C3-ADCF0135423C}.Debug|Any CPU.Build.0 = Debug|Any CPU
		{795AFD35-9F51-450B-89C3-ADCF0135423C}.Release|Any CPU.ActiveCfg = Release|Any CPU
		{795AFD35-9F51-450B-89C3-ADCF0135423C}.Release|Any CPU.Build.0 = Release|Any CPU
	EndGlobalSection
	GlobalSection(SolutionProperties) = preSolution
		HideSolutionNode = FALSE
	EndGlobalSection
	GlobalSection(ExtensibilityGlobals) = postSolution
		SolutionGuid = {967505EA-9348-4CAA-8B02-3E1256286658}
	EndGlobalSection
EndGlobal
